// !$*UTF8*$!
{
	archiveVersion = 1;
	classes = {
	};
	objectVersion = 46;
	objects = {

/* Begin PBXBuildFile section */
		14F49B8E1DB92B5F00224DFA /* main.m in Sources */ = {isa = PBXBuildFile; fileRef = 14F49B8D1DB92B5F00224DFA /* main.m */; };
		14F49B911DB92B5F00224DFA /* AppDelegate.m in Sources */ = {isa = PBXBuildFile; fileRef = 14F49B901DB92B5F00224DFA /* AppDelegate.m */; };
		14F49B941DB92B5F00224DFA /* ViewController.m in Sources */ = {isa = PBXBuildFile; fileRef = 14F49B931DB92B5F00224DFA /* ViewController.m */; };
		14F49B971DB92B5F00224DFA /* Main.storyboard in Resources */ = {isa = PBXBuildFile; fileRef = 14F49B951DB92B5F00224DFA /* Main.storyboard */; };
		14F49B991DB92B5F00224DFA /* Assets.xcassets in Resources */ = {isa = PBXBuildFile; fileRef = 14F49B981DB92B5F00224DFA /* Assets.xcassets */; };
		14F49B9C1DB92B5F00224DFA /* LaunchScreen.storyboard in Resources */ = {isa = PBXBuildFile; fileRef = 14F49B9A1DB92B5F00224DFA /* LaunchScreen.storyboard */; };
		14F49BA61DB92F5E00224DFA /* TPViewModel.m in Sources */ = {isa = PBXBuildFile; fileRef = 14F49BA51DB92F5E00224DFA /* TPViewModel.m */; };
/* End PBXBuildFile section */

/* Begin PBXFileReference section */
		14F49B891DB92B5F00224DFA /* TPViewDemo.app */ = {isa = PBXFileReference; explicitFileType = wrapper.application; includeInIndex = 0; path = TPViewDemo.app; sourceTree = BUILT_PRODUCTS_DIR; };
		14F49B8D1DB92B5F00224DFA /* main.m */ = {isa = PBXFileReference; lastKnownFileType = sourcecode.c.objc; path = main.m; sourceTree = "<group>"; };
		14F49B8F1DB92B5F00224DFA /* AppDelegate.h */ = {isa = PBXFileReference; lastKnownFileType = sourcecode.c.h; path = AppDelegate.h; sourceTree = "<group>"; };
		14F49B901DB92B5F00224DFA /* AppDelegate.m */ = {isa = PBXFileReference; lastKnownFileType = sourcecode.c.objc; path = AppDelegate.m; sourceTree = "<group>"; };
		14F49B921DB92B5F00224DFA /* ViewController.h */ = {isa = PBXFileReference; lastKnownFileType = sourcecode.c.h; path = ViewController.h; sourceTree = "<group>"; };
		14F49B931DB92B5F00224DFA /* ViewController.m */ = {isa = PBXFileReference; lastKnownFileType = sourcecode.c.objc; path = ViewController.m; sourceTree = "<group>"; };
		14F49B961DB92B5F00224DFA /* Base */ = {isa = PBXFileReference; lastKnownFileType = file.storyboard; name = Base; path = Base.lproj/Main.storyboard; sourceTree = "<group>"; };
		14F49B981DB92B5F00224DFA /* Assets.xcassets */ = {isa = PBXFileReference; lastKnownFileType = folder.assetcatalog; path = Assets.xcassets; sourceTree = "<group>"; };
		14F49B9B1DB92B5F00224DFA /* Base */ = {isa = PBXFileReference; lastKnownFileType = file.storyboard; name = Base; path = Base.lproj/LaunchScreen.storyboard; sourceTree = "<group>"; };
		14F49B9D1DB92B5F00224DFA /* Info.plist */ = {isa = PBXFileReference; lastKnownFileType = text.plist.xml; path = Info.plist; sourceTree = "<group>"; };
		14F49BA41DB92F5E00224DFA /* TPViewModel.h */ = {isa = PBXFileReference; fileEncoding = 4; lastKnownFileType = sourcecode.c.h; path = TPViewModel.h; sourceTree = "<group>"; };
		14F49BA51DB92F5E00224DFA /* TPViewModel.m */ = {isa = PBXFileReference; fileEncoding = 4; lastKnownFileType = sourcecode.c.objc; path = TPViewModel.m; sourceTree = "<group>"; };
/* End PBXFileReference section */

/* Begin PBXFrameworksBuildPhase section */
		14F49B861DB92B5F00224DFA /* Frameworks */ = {
			isa = PBXFrameworksBuildPhase;
			buildActionMask = 2147483647;
			files = (
			);
			runOnlyForDeploymentPostprocessing = 0;
		};
/* End PBXFrameworksBuildPhase section */

/* Begin PBXGroup section */
		14F49B801DB92B5F00224DFA = {
			isa = PBXGroup;
			children = (
				14F49B8B1DB92B5F00224DFA /* TPViewDemo */,
				14F49B8A1DB92B5F00224DFA /* Products */,
			);
			sourceTree = "<group>";
		};
		14F49B8A1DB92B5F00224DFA /* Products */ = {
			isa = PBXGroup;
			children = (
				14F49B891DB92B5F00224DFA /* TPViewDemo.app */,
			);
			name = Products;
			sourceTree = "<group>";
		};
		14F49B8B1DB92B5F00224DFA /* TPViewDemo */ = {
			isa = PBXGroup;
			children = (
				14F49BA31DB92E9400224DFA /* Model */,
				14F49B8F1DB92B5F00224DFA /* AppDelegate.h */,
				14F49B901DB92B5F00224DFA /* AppDelegate.m */,
				14F49B921DB92B5F00224DFA /* ViewController.h */,
				14F49B931DB92B5F00224DFA /* ViewController.m */,
				14F49B951DB92B5F00224DFA /* Main.storyboard */,
				14F49B981DB92B5F00224DFA /* Assets.xcassets */,
				14F49B9A1DB92B5F00224DFA /* LaunchScreen.storyboard */,
				14F49B9D1DB92B5F00224DFA /* Info.plist */,
				14F49B8C1DB92B5F00224DFA /* Supporting Files */,
			);
			path = TPViewDemo;
			sourceTree = "<group>";
		};
		14F49B8C1DB92B5F00224DFA /* Supporting Files */ = {
			isa = PBXGroup;
			children = (
				14F49B8D1DB92B5F00224DFA /* main.m */,
			);
			name = "Supporting Files";
			sourceTree = "<group>";
		};
		14F49BA31DB92E9400224DFA /* Model */ = {
			isa = PBXGroup;
			children = (
				14F49BA41DB92F5E00224DFA /* TPViewModel.h */,
				14F49BA51DB92F5E00224DFA /* TPViewModel.m */,
			);
			path = Model;
			sourceTree = "<group>";
		};
/* End PBXGroup section */

/* Begin PBXNativeTarget section */
		14F49B881DB92B5F00224DFA /* TPViewDemo */ = {
			isa = PBXNativeTarget;
			buildConfigurationList = 14F49BA01DB92B5F00224DFA /* Build configuration list for PBXNativeTarget "TPViewDemo" */;
			buildPhases = (
				14F49B851DB92B5F00224DFA /* Sources */,
				14F49B861DB92B5F00224DFA /* Frameworks */,
				14F49B871DB92B5F00224DFA /* Resources */,
			);
			buildRules = (
			);
			dependencies = (
			);
			name = TPViewDemo;
			productName = TPViewDemo;
			productReference = 14F49B891DB92B5F00224DFA /* TPViewDemo.app */;
			productType = "com.apple.product-type.application";
		};
/* End PBXNativeTarget section */

/* Begin PBXProject section */
		14F49B811DB92B5F00224DFA /* Project object */ = {
			isa = PBXProject;
			attributes = {
				LastUpgradeCheck = 0800;
				ORGANIZATIONNAME = mail.ru;
				TargetAttributes = {
					14F49B881DB92B5F00224DFA = {
						CreatedOnToolsVersion = 8.0;
						DevelopmentTeam = 4D6LA585PP;
						ProvisioningStyle = Automatic;
					};
				};
			};
			buildConfigurationList = 14F49B841DB92B5F00224DFA /* Build configuration list for PBXProject "TPViewDemo" */;
			compatibilityVersion = "Xcode 3.2";
			developmentRegion = English;
			hasScannedForEncodings = 0;
			knownRegions = (
				en,
				Base,
			);
			mainGroup = 14F49B801DB92B5F00224DFA;
			productRefGroup = 14F49B8A1DB92B5F00224DFA /* Products */;
			projectDirPath = "";
			projectRoot = "";
			targets = (
				14F49B881DB92B5F00224DFA /* TPViewDemo */,
			);
		};
/* End PBXProject section */

/* Begin PBXResourcesBuildPhase section */
		14F49B871DB92B5F00224DFA /* Resources */ = {
			isa = PBXResourcesBuildPhase;
			buildActionMask = 2147483647;
			files = (
				14F49B9C1DB92B5F00224DFA /* LaunchScreen.storyboard in Resources */,
				14F49B991DB92B5F00224DFA /* Assets.xcassets in Resources */,
				14F49B971DB92B5F00224DFA /* Main.storyboard in Resources */,
			);
			runOnlyForDeploymentPostprocessing = 0;
		};
/* End PBXResourcesBuildPhase section */

/* Begin PBXSourcesBuildPhase section */
		14F49B851DB92B5F00224DFA /* Sources */ = {
			isa = PBXSourcesBuildPhase;
			buildActionMask = 2147483647;
			files = (
				14F49BA61DB92F5E00224DFA /* TPViewModel.m in Sources */,
				14F49B941DB92B5F00224DFA /* ViewController.m in Sources */,
				14F49B911DB92B5F00224DFA /* AppDelegate.m in Sources */,
				14F49B8E1DB92B5F00224DFA /* main.m in Sources */,
			);
			runOnlyForDeploymentPostprocessing = 0;
		};
/* End PBXSourcesBuildPhase section */

/* Begin PBXVariantGroup section */
		14F49B951DB92B5F00224DFA /* Main.storyboard */ = {
			isa = PBXVariantGroup;
			children = (
				14F49B961DB92B5F00224DFA /* Base */,
			);
			name = Main.storyboard;
			sourceTree = "<group>";
		};
		14F49B9A1DB92B5F00224DFA /* LaunchScreen.storyboard */ = {
			isa = PBXVariantGroup;
			children = (
				14F49B9B1DB92B5F00224DFA /* Base */,
			);
			name = LaunchScreen.storyboard;
			sourceTree = "<group>";
		};
/* End PBXVariantGroup section */

/* Begin XCBuildConfiguration section */
		14F49B9E1DB92B5F00224DFA /* Debug */ = {
			isa = XCBuildConfiguration;
			buildSettings = {
				ALWAYS_SEARCH_USER_PATHS = NO;
				CLANG_ANALYZER_NONNULL = YES;
				CLANG_CXX_LANGUAGE_STANDARD = "gnu++0x";
				CLANG_CXX_LIBRARY = "libc++";
				CLANG_ENABLE_MODULES = YES;
				CLANG_ENABLE_OBJC_ARC = YES;
				CLANG_WARN_BOOL_CONVERSION = YES;
				CLANG_WARN_CONSTANT_CONVERSION = YES;
				CLANG_WARN_DIRECT_OBJC_ISA_USAGE = YES_ERROR;
				CLANG_WARN_DOCUMENTATION_COMMENTS = YES;
				CLANG_WARN_EMPTY_BODY = YES;
				CLANG_WARN_ENUM_CONVERSION = YES;
				CLANG_WARN_INFINITE_RECURSION = YES;
				CLANG_WARN_INT_CONVERSION = YES;
				CLANG_WARN_OBJC_ROOT_CLASS = YES_ERROR;
				CLANG_WARN_SUSPICIOUS_MOVES = YES;
				CLANG_WARN_UNREACHABLE_CODE = YES;
				CLANG_WARN__DUPLICATE_METHOD_MATCH = YES;
				"CODE_SIGN_IDENTITY[sdk=iphoneos*]" = "iPhone Developer";
				COPY_PHASE_STRIP = NO;
				DEBUG_INFORMATION_FORMAT = dwarf;
				ENABLE_STRICT_OBJC_MSGSEND = YES;
				ENABLE_TESTABILITY = YES;
				GCC_C_LANGUAGE_STANDARD = gnu99;
				GCC_DYNAMIC_NO_PIC = NO;
				GCC_NO_COMMON_BLOCKS = YES;
				GCC_OPTIMIZATION_LEVEL = 0;
				GCC_PREPROCESSOR_DEFINITIONS = (
					"DEBUG=1",
					"$(inherited)",
				);
				GCC_WARN_64_TO_32_BIT_CONVERSION = YES;
				GCC_WARN_ABOUT_RETURN_TYPE = YES_ERROR;
				GCC_WARN_UNDECLARED_SELECTOR = YES;
				GCC_WARN_UNINITIALIZED_AUTOS = YES_AGGRESSIVE;
				GCC_WARN_UNUSED_FUNCTION = YES;
				GCC_WARN_UNUSED_VARIABLE = YES;
				IPHONEOS_DEPLOYMENT_TARGET = 10.0;
				MTL_ENABLE_DEBUG_INFO = YES;
				ONLY_ACTIVE_ARCH = YES;
				SDKROOT = iphoneos;
				TARGETED_DEVICE_FAMILY = "1,2";
			};
			name = Debug;
		};
		14F49B9F1DB92B5F00224DFA /* Release */ = {
			isa = XCBuildConfiguration;
			buildSettings = {
				ALWAYS_SEARCH_USER_PATHS = NO;
				CLANG_ANALYZER_NONNULL = YES;
				CLANG_CXX_LANGUAGE_STANDARD = "gnu++0x";
				CLANG_CXX_LIBRARY = "libc++";
				CLANG_ENABLE_MODULES = YES;
				CLANG_ENABLE_OBJC_ARC = YES;
				CLANG_WARN_BOOL_CONVERSION = YES;
				CLANG_WARN_CONSTANT_CONVERSION = YES;
				CLANG_WARN_DIRECT_OBJC_ISA_USAGE = YES_ERROR;
				CLANG_WARN_DOCUMENTATION_COMMENTS = YES;
				CLANG_WARN_EMPTY_BODY = YES;
				CLANG_WARN_ENUM_CONVERSION = YES;
				CLANG_WARN_INFINITE_RECURSION = YES;
				CLANG_WARN_INT_CONVERSION = YES;
				CLANG_WARN_OBJC_ROOT_CLASS = YES_ERROR;
				CLANG_WARN_SUSPICIOUS_MOVES = YES;
				CLANG_WARN_UNREACHABLE_CODE = YES;
				CLANG_WARN__DUPLICATE_METHOD_MATCH = YES;
				"CODE_SIGN_IDENTITY[sdk=iphoneos*]" = "iPhone Developer";
				COPY_PHASE_STRIP = NO;
				DEBUG_INFORMATION_FORMAT = "dwarf-with-dsym";
				ENABLE_NS_ASSERTIONS = NO;
				ENABLE_STRICT_OBJC_MSGSEND = YES;
				GCC_C_LANGUAGE_STANDARD = gnu99;
				GCC_NO_COMMON_BLOCKS = YES;
				GCC_WARN_64_TO_32_BIT_CONVERSION = YES;
				GCC_WARN_ABOUT_RETURN_TYPE = YES_ERROR;
				GCC_WARN_UNDECLARED_SELECTOR = YES;
				GCC_WARN_UNINITIALIZED_AUTOS = YES_AGGRESSIVE;
				GCC_WARN_UNUSED_FUNCTION = YES;
				GCC_WARN_UNUSED_VARIABLE = YES;
				IPHONEOS_DEPLOYMENT_TARGET = 10.0;
				MTL_ENABLE_DEBUG_INFO = NO;
				SDKROOT = iphoneos;
				TARGETED_DEVICE_FAMILY = "1,2";
				VALIDATE_PRODUCT = YES;
			};
			name = Release;
		};
		14F49BA11DB92B5F00224DFA /* Debug */ = {
			isa = XCBuildConfiguration;
			buildSettings = {
				ASSETCATALOG_COMPILER_APPICON_NAME = AppIcon;
				DEVELOPMENT_TEAM = 4D6LA585PP;
				INFOPLIST_FILE = TPViewDemo/Info.plist;
				LD_RUNPATH_SEARCH_PATHS = "$(inherited) @executable_path/Frameworks";
				PRODUCT_BUNDLE_IDENTIFIER = ru.mail.TPViewDemo;
				PRODUCT_NAME = "$(TARGET_NAME)";
			};
			name = Debug;
		};
		14F49BA21DB92B5F00224DFA /* Release */ = {
			isa = XCBuildConfiguration;
			buildSettings = {
				ASSETCATALOG_COMPILER_APPICON_NAME = AppIcon;
				DEVELOPMENT_TEAM = 4D6LA585PP;
				INFOPLIST_FILE = TPViewDemo/Info.plist;
				LD_RUNPATH_SEARCH_PATHS = "$(inherited) @executable_path/Frameworks";
				PRODUCT_BUNDLE_IDENTIFIER = ru.mail.TPViewDemo;
				PRODUCT_NAME = "$(TARGET_NAME)";
			};
			name = Release;
		};
/* End XCBuildConfiguration section */

/* Begin XCConfigurationList section */
		14F49B841DB92B5F00224DFA /* Build configuration list for PBXProject "TPViewDemo" */ = {
			isa = XCConfigurationList;
			buildConfigurations = (
				14F49B9E1DB92B5F00224DFA /* Debug */,
				14F49B9F1DB92B5F00224DFA /* Release */,
			);
			defaultConfigurationIsVisible = 0;
			defaultConfigurationName = Release;
		};
		14F49BA01DB92B5F00224DFA /* Build configuration list for PBXNativeTarget "TPViewDemo" */ = {
			isa = XCConfigurationList;
			buildConfigurations = (
				14F49BA11DB92B5F00224DFA /* Debug */,
				14F49BA21DB92B5F00224DFA /* Release */,
			);
			defaultConfigurationIsVisible = 0;
		};
/* End XCConfigurationList section */
	};
	rootObject = 14F49B811DB92B5F00224DFA /* Project object */;
}
